
Microsoft Visual Studio Solution File, Format Version 12.00
# Visual Studio Version 16
VisualStudioVersion = 16.0.32413.511
MinimumVisualStudioVersion = 10.0.40219.1
Project("{FAE04EC0-301F-11D3-BF4B-00C04F79EFBC}") = "Merge Triplets to Form Target Triplet", "Merge Triplets to Form Target Triplet\Merge Triplets to Form Target Triplet.csproj", "{B1CBFE30-4C52-4FB1-9F89-E5ECF2FDF73E}"
EndProject
Global
	GlobalSection(SolutionConfigurationPlatforms) = preSolution
		Debug|Any CPU = Debug|Any CPU
		Release|Any CPU = Release|Any CPU
	EndGlobalSection
	GlobalSection(ProjectConfigurationPlatforms) = postSolution
		{B1CBFE30-4C52-4FB1-9F89-E5ECF2FDF73E}.Debug|Any CPU.ActiveCfg = Debug|Any CPU
		{B1CBFE30-4C52-4FB1-9F89-E5ECF2FDF73E}.Debug|Any CPU.Build.0 = Debug|Any CPU
		{B1CBFE30-4C52-4FB1-9F89-E5ECF2FDF73E}.Release|Any CPU.ActiveCfg = Release|Any CPU
		{B1CBFE30-4C52-4FB1-9F89-E5ECF2FDF73E}.Release|Any CPU.Build.0 = Release|Any CPU
	EndGlobalSection
	GlobalSection(SolutionProperties) = preSolution
		HideSolutionNode = FALSE
	EndGlobalSection
	GlobalSection(ExtensibilityGlobals) = postSolution
		SolutionGuid = {734206B2-B1BA-498C-A9AE-0815428BB117}
	EndGlobalSection
EndGlobal
